
Microsoft Visual Studio Solution File, Format Version 12.00
# Visual Studio 15
VisualStudioVersion = 15.0.27703.2042
MinimumVisualStudioVersion = 10.0.40219.1
Project("{FAE04EC0-301F-11D3-BF4B-00C04F79EFBC}") = "WebApplication2", "WebApplication2\WebApplication2.csproj", "{5DDE6F3B-DA1A-494C-94C8-6EEC34222816}"
EndProject
Project("{E53339B2-1760-4266-BCC7-CA923CBCF16C}") = "docker-compose", "docker-compose.dcproj", "{7C1BFC15-8DC1-4726-A882-43AA7656BDF9}"
EndProject
Global
	GlobalSection(SolutionConfigurationPlatforms) = preSolution
		Debug|Any CPU = Debug|Any CPU
		Release|Any CPU = Release|Any CPU
	EndGlobalSection
	GlobalSection(ProjectConfigurationPlatforms) = postSolution
		{5DDE6F3B-DA1A-494C-94C8-6EEC34222816}.Debug|Any CPU.ActiveCfg = Debug|Any CPU
		{5DDE6F3B-DA1A-494C-94C8-6EEC34222816}.Debug|Any CPU.Build.0 = Debug|Any CPU
		{5DDE6F3B-DA1A-494C-94C8-6EEC34222816}.Release|Any CPU.ActiveCfg = Release|Any CPU
		{5DDE6F3B-DA1A-494C-94C8-6EEC34222816}.Release|Any CPU.Build.0 = Release|Any CPU
		{7C1BFC15-8DC1-4726-A882-43AA7656BDF9}.Debug|Any CPU.ActiveCfg = Debug|Any CPU
		{7C1BFC15-8DC1-4726-A882-43AA7656BDF9}.Debug|Any CPU.Build.0 = Debug|Any CPU
		{7C1BFC15-8DC1-4726-A882-43AA7656BDF9}.Release|Any CPU.ActiveCfg = Release|Any CPU
		{7C1BFC15-8DC1-4726-A882-43AA7656BDF9}.Release|Any CPU.Build.0 = Release|Any CPU
	EndGlobalSection
	GlobalSection(SolutionProperties) = preSolution
		HideSolutionNode = FALSE
	EndGlobalSection
	GlobalSection(ExtensibilityGlobals) = postSolution
		SolutionGuid = {61D08F96-37B1-476A-8A87-2ED8FFDBAC8A}
	EndGlobalSection
EndGlobal
